{
  "version": 4,
  "terraform_version": "1.2.1",
  "serial": 56,
  "lineage": "22d50ab5-d9bb-02a1-6df7-8b3c22e354fd",
  "outputs": {},
  "resources": [
    {
      "mode": "managed",
      "type": "libvirt_pool",
      "name": "kubernetes",
      "provider": "provider[\"registry.terraform.io/dmacvicar/libvirt\"]",
      "instances": [
        {
          "schema_version": 0,
          "attributes": {
            "allocation": 1147011072,
            "available": null,
            "capacity": 7829044330496,
            "id": "918608b7-64cf-4a7f-9453-da4960dd5b2a",
            "name": "default",
            "path": "/tank/pools/default",
            "type": "dir",
            "xml": []
          },
          "sensitive_attributes": [],
          "private": "bnVsbA=="
        }
      ]
    },
    {
      "mode": "managed",
      "type": "libvirt_volume",
      "name": "opensuse_leap",
      "provider": "provider[\"registry.terraform.io/dmacvicar/libvirt\"]",
      "instances": [
        {
          "schema_version": 0,
          "attributes": {
            "base_volume_id": null,
            "base_volume_name": null,
            "base_volume_pool": null,
            "format": "qcow2",
            "id": "/tank/pools/default/opensuse_leap",
            "name": "opensuse_leap",
            "pool": "default",
            "size": 10737418240,
            "source": "http://download.opensuse.org/repositories/Cloud:/Images:/Leap_42.1/images/openSUSE-Leap-42.1-OpenStack.x86_64.qcow2",
            "xml": []
          },
          "sensitive_attributes": [],
          "private": "bnVsbA=="
        }
      ]
    },
    {
      "mode": "managed",
      "type": "libvirt_volume",
      "name": "terraform_test",
      "provider": "provider[\"registry.terraform.io/dmacvicar/libvirt\"]",
      "instances": [
        {
          "schema_version": 0,
          "attributes": {
            "base_volume_id": "/tank/pools/default/opensuse_leap",
            "base_volume_name": null,
            "base_volume_pool": null,
            "format": "qcow2",
            "id": "/tank/pools/default/master.qcow2",
            "name": "master.qcow2",
            "pool": "default",
            "size": 10737418240,
            "source": null,
            "xml": []
          },
          "sensitive_attributes": [],
          "private": "bnVsbA==",
          "dependencies": [
            "libvirt_volume.opensuse_leap"
          ]
        }
      ]
    }
  ]
}
