{
  "version": 4,
  "terraform_version": "1.2.3",
  "serial": 17,
  "lineage": "8de8f7e5-db7d-c0f8-64a4-6e976b1a755f",
  "outputs": {},
  "resources": [
    {
      "mode": "data",
      "type": "template_file",
      "name": "cloud_init_template",
      "provider": "provider[\"registry.terraform.io/hashicorp/template\"]",
      "instances": []
    },
    {
      "mode": "data",
      "type": "template_file",
      "name": "serverVM_cloud_init_template",
      "provider": "provider[\"registry.terraform.io/hashicorp/template\"]",
      "instances": []
    },
    {
      "mode": "managed",
      "type": "libvirt_cloudinit_disk",
      "name": "clientVM_cloud_init",
      "provider": "provider[\"registry.terraform.io/dmacvicar/libvirt\"]",
      "instances": []
    },
    {
      "mode": "managed",
      "type": "libvirt_cloudinit_disk",
      "name": "serverVM_cloud_init",
      "provider": "provider[\"registry.terraform.io/dmacvicar/libvirt\"]",
      "instances": []
    },
    {
      "mode": "managed",
      "type": "libvirt_domain",
      "name": "clientVM",
      "provider": "provider[\"registry.terraform.io/dmacvicar/libvirt\"]",
      "instances": []
    },
    {
      "mode": "managed",
      "type": "libvirt_domain",
      "name": "serverVM",
      "provider": "provider[\"registry.terraform.io/dmacvicar/libvirt\"]",
      "instances": []
    },
    {
      "mode": "managed",
      "type": "libvirt_network",
      "name": "network",
      "provider": "provider[\"registry.terraform.io/dmacvicar/libvirt\"]",
      "instances": [
        {
          "schema_version": 0,
          "attributes": {
            "addresses": [
              "192.168.100.0/24"
            ],
            "autostart": null,
            "bridge": "virbr1",
            "dhcp": [
              {
                "enabled": true
              }
            ],
            "dns": [
              {
                "enabled": true,
                "forwarders": [],
                "hosts": [],
                "local_only": true,
                "srvs": []
              }
            ],
            "dnsmasq_options": [],
            "domain": "rhce.lab",
            "id": "a7f96253-4a1d-4fe1-8eca-09ea3ba43e78",
            "mode": "nat",
            "mtu": null,
            "name": "rhce_lab_network",
            "routes": [],
            "xml": []
          },
          "sensitive_attributes": [],
          "private": "bnVsbA=="
        }
      ]
    },
    {
      "mode": "managed",
      "type": "libvirt_pool",
      "name": "pool",
      "provider": "provider[\"registry.terraform.io/dmacvicar/libvirt\"]",
      "instances": [
        {
          "schema_version": 0,
          "attributes": {
            "allocation": 15223300096,
            "available": null,
            "capacity": 105089261568,
            "id": "0f56bbcd-3d32-4520-b235-b743fb5b7610",
            "name": "kubernetes",
            "path": "/tank/pools/kubernetes",
            "type": "dir",
            "xml": []
          },
          "sensitive_attributes": [],
          "private": "bnVsbA=="
        }
      ]
    },
    {
      "mode": "managed",
      "type": "libvirt_volume",
      "name": "clientVM-base-qcow2",
      "provider": "provider[\"registry.terraform.io/dmacvicar/libvirt\"]",
      "instances": []
    },
    {
      "mode": "managed",
      "type": "libvirt_volume",
      "name": "serverVM-base-qcow2",
      "provider": "provider[\"registry.terraform.io/dmacvicar/libvirt\"]",
      "instances": []
    },
    {
      "mode": "managed",
      "type": "libvirt_volume",
      "name": "serverVM-storage-volume-qcow2",
      "provider": "provider[\"registry.terraform.io/dmacvicar/libvirt\"]",
      "instances": [
        {
          "index_key": 1,
          "schema_version": 0,
          "attributes": {
            "base_volume_id": null,
            "base_volume_name": null,
            "base_volume_pool": null,
            "format": "qcow2",
            "id": "/tank/pools/kubernetes/server_storage.volume.1.qcow2",
            "name": "server_storage.volume.1.qcow2",
            "pool": "kubernetes",
            "size": 21474836480,
            "source": null,
            "xml": []
          },
          "sensitive_attributes": [],
          "private": "bnVsbA==",
          "dependencies": [
            "libvirt_pool.pool"
          ]
        }
      ]
    }
  ]
}
